{
  "requires": true,
  "lockfileVersion": 1,
  "dependencies": {
    "bootstrap-sass-namespace": {
      "version": "3.3.7-alpha.6",
      "resolved": "https://registry.npmjs.org/bootstrap-sass-namespace/-/bootstrap-sass-namespace-3.3.7-alpha.6.tgz",
      "integrity": "sha1-pu++Jn4SuYGW+n2oJ7aU6Fyp+Ao="
    }
  }
}
